
Microsoft Visual Studio Solution File, Format Version 12.00
# Visual Studio Version 17
VisualStudioVersion = 17.13.35806.99
MinimumVisualStudioVersion = 10.0.40219.1
Project("{FAE04EC0-301F-11D3-BF4B-00C04F79EFBC}") = "CrudOperationApi", "CrudOperationDemoProject\CrudOperationApi.csproj", "{C9F26E47-1155-4834-8646-3EFB2FDDE482}"
EndProject
Project("{2150E333-8FDC-42A3-9474-1A3956D46DE8}") = "Services", "Services", "{02EA681E-C7D8-13C7-8484-4AC65E1B71E8}"
EndProject
Project("{FAE04EC0-301F-11D3-BF4B-00C04F79EFBC}") = "Entities", "Entities\Entities.csproj", "{1372F9E2-9C02-43A9-A51F-4CABE094904A}"
EndProject
Project("{2150E333-8FDC-42A3-9474-1A3956D46DE8}") = "DtoServices", "DtoServices", "{A9BFAA0C-A77F-4F58-966E-81FF1C63BBA8}"
EndProject
Project("{FAE04EC0-301F-11D3-BF4B-00C04F79EFBC}") = "ServiceContracts", "ModelDto\ServiceContracts.csproj", "{9EAE3216-E993-4883-893C-95792B9DE04A}"
EndProject
Project("{2150E333-8FDC-42A3-9474-1A3956D46DE8}") = "BussinessLogic", "BussinessLogic", "{3F60E492-5ADE-415A-B093-9FA40A308F76}"
EndProject
Project("{FAE04EC0-301F-11D3-BF4B-00C04F79EFBC}") = "BussinessLogicService", "BussinessLogicService\BussinessLogicService.csproj", "{56081BF9-A5A3-4ED9-AD0C-F2BADA77561B}"
EndProject
Project("{2150E333-8FDC-42A3-9474-1A3956D46DE8}") = "FrontProject", "FrontProject", "{E1B8B1C0-C63E-420F-8560-366F4EAEAC5D}"
EndProject
Project("{FAE04EC0-301F-11D3-BF4B-00C04F79EFBC}") = "CrudOperationFrontEnd", "CrudOperationFrontEnd\CrudOperationFrontEnd.csproj", "{C3D7B4F1-A4CE-4238-84D6-D598D93B73AB}"
EndProject
Project("{2150E333-8FDC-42A3-9474-1A3956D46DE8}") = "BackEndProject", "BackEndProject", "{D42F6279-216A-4822-A80A-BA01650FA840}"
EndProject
Project("{2150E333-8FDC-42A3-9474-1A3956D46DE8}") = "TestService", "TestService", "{36599708-F941-46A6-905D-5ECE7B29A961}"
EndProject
Project("{FAE04EC0-301F-11D3-BF4B-00C04F79EFBC}") = "UnitTesting", "TestCountryService\UnitTesting.csproj", "{EF18FA89-8EAB-4E02-9309-09720EDAE247}"
EndProject
Global
	GlobalSection(SolutionConfigurationPlatforms) = preSolution
		Debug|Any CPU = Debug|Any CPU
		Release|Any CPU = Release|Any CPU
	EndGlobalSection
	GlobalSection(ProjectConfigurationPlatforms) = postSolution
		{C9F26E47-1155-4834-8646-3EFB2FDDE482}.Debug|Any CPU.ActiveCfg = Debug|Any CPU
		{C9F26E47-1155-4834-8646-3EFB2FDDE482}.Debug|Any CPU.Build.0 = Debug|Any CPU
		{C9F26E47-1155-4834-8646-3EFB2FDDE482}.Release|Any CPU.ActiveCfg = Release|Any CPU
		{C9F26E47-1155-4834-8646-3EFB2FDDE482}.Release|Any CPU.Build.0 = Release|Any CPU
		{1372F9E2-9C02-43A9-A51F-4CABE094904A}.Debug|Any CPU.ActiveCfg = Debug|Any CPU
		{1372F9E2-9C02-43A9-A51F-4CABE094904A}.Debug|Any CPU.Build.0 = Debug|Any CPU
		{1372F9E2-9C02-43A9-A51F-4CABE094904A}.Release|Any CPU.ActiveCfg = Release|Any CPU
		{1372F9E2-9C02-43A9-A51F-4CABE094904A}.Release|Any CPU.Build.0 = Release|Any CPU
		{9EAE3216-E993-4883-893C-95792B9DE04A}.Debug|Any CPU.ActiveCfg = Debug|Any CPU
		{9EAE3216-E993-4883-893C-95792B9DE04A}.Debug|Any CPU.Build.0 = Debug|Any CPU
		{9EAE3216-E993-4883-893C-95792B9DE04A}.Release|Any CPU.ActiveCfg = Release|Any CPU
		{9EAE3216-E993-4883-893C-95792B9DE04A}.Release|Any CPU.Build.0 = Release|Any CPU
		{56081BF9-A5A3-4ED9-AD0C-F2BADA77561B}.Debug|Any CPU.ActiveCfg = Debug|Any CPU
		{56081BF9-A5A3-4ED9-AD0C-F2BADA77561B}.Debug|Any CPU.Build.0 = Debug|Any CPU
		{56081BF9-A5A3-4ED9-AD0C-F2BADA77561B}.Release|Any CPU.ActiveCfg = Release|Any CPU
		{56081BF9-A5A3-4ED9-AD0C-F2BADA77561B}.Release|Any CPU.Build.0 = Release|Any CPU
		{C3D7B4F1-A4CE-4238-84D6-D598D93B73AB}.Debug|Any CPU.ActiveCfg = Debug|Any CPU
		{C3D7B4F1-A4CE-4238-84D6-D598D93B73AB}.Debug|Any CPU.Build.0 = Debug|Any CPU
		{C3D7B4F1-A4CE-4238-84D6-D598D93B73AB}.Release|Any CPU.ActiveCfg = Release|Any CPU
		{C3D7B4F1-A4CE-4238-84D6-D598D93B73AB}.Release|Any CPU.Build.0 = Release|Any CPU
		{EF18FA89-8EAB-4E02-9309-09720EDAE247}.Debug|Any CPU.ActiveCfg = Debug|Any CPU
		{EF18FA89-8EAB-4E02-9309-09720EDAE247}.Debug|Any CPU.Build.0 = Debug|Any CPU
		{EF18FA89-8EAB-4E02-9309-09720EDAE247}.Release|Any CPU.ActiveCfg = Release|Any CPU
		{EF18FA89-8EAB-4E02-9309-09720EDAE247}.Release|Any CPU.Build.0 = Release|Any CPU
	EndGlobalSection
	GlobalSection(SolutionProperties) = preSolution
		HideSolutionNode = FALSE
	EndGlobalSection
	GlobalSection(NestedProjects) = preSolution
		{C9F26E47-1155-4834-8646-3EFB2FDDE482} = {D42F6279-216A-4822-A80A-BA01650FA840}
		{02EA681E-C7D8-13C7-8484-4AC65E1B71E8} = {D42F6279-216A-4822-A80A-BA01650FA840}
		{1372F9E2-9C02-43A9-A51F-4CABE094904A} = {02EA681E-C7D8-13C7-8484-4AC65E1B71E8}
		{A9BFAA0C-A77F-4F58-966E-81FF1C63BBA8} = {D42F6279-216A-4822-A80A-BA01650FA840}
		{9EAE3216-E993-4883-893C-95792B9DE04A} = {A9BFAA0C-A77F-4F58-966E-81FF1C63BBA8}
		{3F60E492-5ADE-415A-B093-9FA40A308F76} = {D42F6279-216A-4822-A80A-BA01650FA840}
		{56081BF9-A5A3-4ED9-AD0C-F2BADA77561B} = {3F60E492-5ADE-415A-B093-9FA40A308F76}
		{C3D7B4F1-A4CE-4238-84D6-D598D93B73AB} = {E1B8B1C0-C63E-420F-8560-366F4EAEAC5D}
		{EF18FA89-8EAB-4E02-9309-09720EDAE247} = {36599708-F941-46A6-905D-5ECE7B29A961}
	EndGlobalSection
	GlobalSection(ExtensibilityGlobals) = postSolution
		SolutionGuid = {2429DC09-3F62-4D58-BB0F-61FD90056E6A}
	EndGlobalSection
EndGlobal
